PODS:
  - easy_peasy (0.0.1):
    - Flutter
  - Flutter (1.0.0)
  - integration_test (0.0.1):
    - Flutter
  - MyIdSDK (2.2.9)

DEPENDENCIES:
  - easy_peasy (from `.symlinks/plugins/easy_peasy/ios`)
  - Flutter (from `Flutter`)
  - integration_test (from `.symlinks/plugins/integration_test/ios`)
  - MyIdSDK (~> 2.2.9)

SPEC REPOS:
  trunk:
    - MyIdSDK

EXTERNAL SOURCES:
  easy_peasy:
    :path: ".symlinks/plugins/easy_peasy/ios"
  Flutter:
    :path: Flutter
  integration_test:
    :path: ".symlinks/plugins/integration_test/ios"

SPEC CHECKSUMS:
  easy_peasy: a5447b1480ef6dbef0141428baffdff916321729
  Flutter: e0871f40cf51350855a761d2e70bf5af5b9b5de7
  integration_test: 252f60fa39af5e17c3aa9899d35d908a0721b573
  MyIdSDK: b6929bf779782f9358817c91e5fc73d0060bf88b

PODFILE CHECKSUM: 214bece3290e7ff3853f26bb30fd4dee34cb0a61

COCOAPODS: 1.15.2
